
Microsoft Visual Studio Solution File, Format Version 12.00
# Visual Studio Version 17
VisualStudioVersion = 17.9.34902.65
MinimumVisualStudioVersion = 10.0.40219.1
Project("{FAE04EC0-301F-11D3-BF4B-00C04F79EFBC}") = "CLDV6211POE", "CLDV6211POE\CLDV6211POE.csproj", "{64697E23-F86C-481E-B6C2-CA118A58AE74}"
EndProject
Global
	GlobalSection(SolutionConfigurationPlatforms) = preSolution
		Debug|Any CPU = Debug|Any CPU
		Release|Any CPU = Release|Any CPU
	EndGlobalSection
	GlobalSection(ProjectConfigurationPlatforms) = postSolution
		{64697E23-F86C-481E-B6C2-CA118A58AE74}.Debug|Any CPU.ActiveCfg = Debug|Any CPU
		{64697E23-F86C-481E-B6C2-CA118A58AE74}.Debug|Any CPU.Build.0 = Debug|Any CPU
		{64697E23-F86C-481E-B6C2-CA118A58AE74}.Release|Any CPU.ActiveCfg = Release|Any CPU
		{64697E23-F86C-481E-B6C2-CA118A58AE74}.Release|Any CPU.Build.0 = Release|Any CPU
	EndGlobalSection
	GlobalSection(SolutionProperties) = preSolution
		HideSolutionNode = FALSE
	EndGlobalSection
	GlobalSection(ExtensibilityGlobals) = postSolution
		SolutionGuid = {7DED901D-1962-4501-A8E2-374A7C01483D}
	EndGlobalSection
EndGlobal
